// !$*UTF8*$!
{
	archiveVersion = 1;
	classes = {
	};
	objectVersion = 48;
	objects = {

/* Begin PBXBuildFile section */
		053C27031FB4516600383081 /* AppDelegate.m in Sources */ = {isa = PBXBuildFile; fileRef = 053C27021FB4516600383081 /* AppDelegate.m */; };
		053C27061FB4516600383081 /* ViewController.m in Sources */ = {isa = PBXBuildFile; fileRef = 053C27051FB4516600383081 /* ViewController.m */; };
		053C27091FB4516600383081 /* Main.storyboard in Resources */ = {isa = PBXBuildFile; fileRef = 053C27071FB4516600383081 /* Main.storyboard */; };
		053C270B1FB4516600383081 /* Assets.xcassets in Resources */ = {isa = PBXBuildFile; fileRef = 053C270A1FB4516600383081 /* Assets.xcassets */; };
		053C270E1FB4516600383081 /* LaunchScreen.storyboard in Resources */ = {isa = PBXBuildFile; fileRef = 053C270C1FB4516600383081 /* LaunchScreen.storyboard */; };
		053C27111FB4516600383081 /* main.m in Sources */ = {isa = PBXBuildFile; fileRef = 053C27101FB4516600383081 /* main.m */; };
		053C271B1FB4516600383081 /* TestTests.m in Sources */ = {isa = PBXBuildFile; fileRef = 053C271A1FB4516600383081 /* TestTests.m */; };
		053C27261FB4516600383081 /* TestUITests.m in Sources */ = {isa = PBXBuildFile; fileRef = 053C27251FB4516600383081 /* TestUITests.m */; };
		053C27351FB4519100383081 /* NavigationViewController.m in Sources */ = {isa = PBXBuildFile; fileRef = 053C27341FB4519100383081 /* NavigationViewController.m */; };
/* End PBXBuildFile section */

/* Begin PBXContainerItemProxy section */
		053C27171FB4516600383081 /* PBXContainerItemProxy */ = {
			isa = PBXContainerItemProxy;
			containerPortal = 053C26F61FB4516600383081 /* Project object */;
			proxyType = 1;
			remoteGlobalIDString = 053C26FD1FB4516600383081;
			remoteInfo = Test;
		};
		053C27221FB4516600383081 /* PBXContainerItemProxy */ = {
			isa = PBXContainerItemProxy;
			containerPortal = 053C26F61FB4516600383081 /* Project object */;
			proxyType = 1;
			remoteGlobalIDString = 053C26FD1FB4516600383081;
			remoteInfo = Test;
		};
/* End PBXContainerItemProxy section */

/* Begin PBXFileReference section */
		053C26FE1FB4516600383081 /* Test.app */ = {isa = PBXFileReference; explicitFileType = wrapper.application; includeInIndex = 0; path = Test.app; sourceTree = BUILT_PRODUCTS_DIR; };
		053C27011FB4516600383081 /* AppDelegate.h */ = {isa = PBXFileReference; lastKnownFileType = sourcecode.c.h; path = AppDelegate.h; sourceTree = "<group>"; };
		053C27021FB4516600383081 /* AppDelegate.m */ = {isa = PBXFileReference; lastKnownFileType = sourcecode.c.objc; path = AppDelegate.m; sourceTree = "<group>"; };
		053C27041FB4516600383081 /* ViewController.h */ = {isa = PBXFileReference; lastKnownFileType = sourcecode.c.h; path = ViewController.h; sourceTree = "<group>"; };
		053C27051FB4516600383081 /* ViewController.m */ = {isa = PBXFileReference; lastKnownFileType = sourcecode.c.objc; path = ViewController.m; sourceTree = "<group>"; };
		053C27081FB4516600383081 /* Base */ = {isa = PBXFileReference; lastKnownFileType = file.storyboard; name = Base; path = Base.lproj/Main.storyboard; sourceTree = "<group>"; };
		053C270A1FB4516600383081 /* Assets.xcassets */ = {isa = PBXFileReference; lastKnownFileType = folder.assetcatalog; path = Assets.xcassets; sourceTree = "<group>"; };
		053C270D1FB4516600383081 /* Base */ = {isa = PBXFileReference; lastKnownFileType = file.storyboard; name = Base; path = Base.lproj/LaunchScreen.storyboard; sourceTree = "<group>"; };
		053C270F1FB4516600383081 /* Info.plist */ = {isa = PBXFileReference; lastKnownFileType = text.plist.xml; path = Info.plist; sourceTree = "<group>"; };
		053C27101FB4516600383081 /* main.m */ = {isa = PBXFileReference; lastKnownFileType = sourcecode.c.objc; path = main.m; sourceTree = "<group>"; };
		053C27161FB4516600383081 /* TestTests.xctest */ = {isa = PBXFileReference; explicitFileType = wrapper.cfbundle; includeInIndex = 0; path = TestTests.xctest; sourceTree = BUILT_PRODUCTS_DIR; };
		053C271A1FB4516600383081 /* TestTests.m */ = {isa = PBXFileReference; lastKnownFileType = sourcecode.c.objc; path = TestTests.m; sourceTree = "<group>"; };
		053C271C1FB4516600383081 /* Info.plist */ = {isa = PBXFileReference; lastKnownFileType = text.plist.xml; path = Info.plist; sourceTree = "<group>"; };
		053C27211FB4516600383081 /* TestUITests.xctest */ = {isa = PBXFileReference; explicitFileType = wrapper.cfbundle; includeInIndex = 0; path = TestUITests.xctest; sourceTree = BUILT_PRODUCTS_DIR; };
		053C27251FB4516600383081 /* TestUITests.m */ = {isa = PBXFileReference; lastKnownFileType = sourcecode.c.objc; path = TestUITests.m; sourceTree = "<group>"; };
		053C27271FB4516600383081 /* Info.plist */ = {isa = PBXFileReference; lastKnownFileType = text.plist.xml; path = Info.plist; sourceTree = "<group>"; };
		053C27331FB4519000383081 /* NavigationViewController.h */ = {isa = PBXFileReference; fileEncoding = 4; lastKnownFileType = sourcecode.c.h; path = NavigationViewController.h; sourceTree = "<group>"; };
		053C27341FB4519100383081 /* NavigationViewController.m */ = {isa = PBXFileReference; fileEncoding = 4; lastKnownFileType = sourcecode.c.objc; path = NavigationViewController.m; sourceTree = "<group>"; };
/* End PBXFileReference section */

/* Begin PBXFrameworksBuildPhase section */
		053C26FB1FB4516600383081 /* Frameworks */ = {
			isa = PBXFrameworksBuildPhase;
			buildActionMask = 2147483647;
			files = (
			);
			runOnlyForDeploymentPostprocessing = 0;
		};
		053C27131FB4516600383081 /* Frameworks */ = {
			isa = PBXFrameworksBuildPhase;
			buildActionMask = 2147483647;
			files = (
			);
			runOnlyForDeploymentPostprocessing = 0;
		};
		053C271E1FB4516600383081 /* Frameworks */ = {
			isa = PBXFrameworksBuildPhase;
			buildActionMask = 2147483647;
			files = (
			);
			runOnlyForDeploymentPostprocessing = 0;
		};
/* End PBXFrameworksBuildPhase section */

/* Begin PBXGroup section */
		053C26F51FB4516600383081 = {
			isa = PBXGroup;
			children = (
				053C27001FB4516600383081 /* Test */,
				053C27191FB4516600383081 /* TestTests */,
				053C27241FB4516600383081 /* TestUITests */,
				053C26FF1FB4516600383081 /* Products */,
			);
			sourceTree = "<group>";
		};
		053C26FF1FB4516600383081 /* Products */ = {
			isa = PBXGroup;
			children = (
				053C26FE1FB4516600383081 /* Test.app */,
				053C27161FB4516600383081 /* TestTests.xctest */,
				053C27211FB4516600383081 /* TestUITests.xctest */,
			);
			name = Products;
			sourceTree = "<group>";
		};
		053C27001FB4516600383081 /* Test */ = {
			isa = PBXGroup;
			children = (
				053C27011FB4516600383081 /* AppDelegate.h */,
				053C27021FB4516600383081 /* AppDelegate.m */,
				053C27041FB4516600383081 /* ViewController.h */,
				053C27051FB4516600383081 /* ViewController.m */,
				053C27331FB4519000383081 /* NavigationViewController.h */,
				053C27341FB4519100383081 /* NavigationViewController.m */,
				053C27071FB4516600383081 /* Main.storyboard */,
				053C270A1FB4516600383081 /* Assets.xcassets */,
				053C270C1FB4516600383081 /* LaunchScreen.storyboard */,
				053C270F1FB4516600383081 /* Info.plist */,
				053C27101FB4516600383081 /* main.m */,
			);
			path = Test;
			sourceTree = "<group>";
		};
		053C27191FB4516600383081 /* TestTests */ = {
			isa = PBXGroup;
			children = (
				053C271A1FB4516600383081 /* TestTests.m */,
				053C271C1FB4516600383081 /* Info.plist */,
			);
			path = TestTests;
			sourceTree = "<group>";
		};
		053C27241FB4516600383081 /* TestUITests */ = {
			isa = PBXGroup;
			children = (
				053C27251FB4516600383081 /* TestUITests.m */,
				053C27271FB4516600383081 /* Info.plist */,
			);
			path = TestUITests;
			sourceTree = "<group>";
		};
/* End PBXGroup section */

/* Begin PBXNativeTarget section */
		053C26FD1FB4516600383081 /* Test */ = {
			isa = PBXNativeTarget;
			buildConfigurationList = 053C272A1FB4516600383081 /* Build configuration list for PBXNativeTarget "Test" */;
			buildPhases = (
				053C26FA1FB4516600383081 /* Sources */,
				053C26FB1FB4516600383081 /* Frameworks */,
				053C26FC1FB4516600383081 /* Resources */,
			);
			buildRules = (
			);
			dependencies = (
			);
			name = Test;
			productName = Test;
			productReference = 053C26FE1FB4516600383081 /* Test.app */;
			productType = "com.apple.product-type.application";
		};
		053C27151FB4516600383081 /* TestTests */ = {
			isa = PBXNativeTarget;
			buildConfigurationList = 053C272D1FB4516600383081 /* Build configuration list for PBXNativeTarget "TestTests" */;
			buildPhases = (
				053C27121FB4516600383081 /* Sources */,
				053C27131FB4516600383081 /* Frameworks */,
				053C27141FB4516600383081 /* Resources */,
			);
			buildRules = (
			);
			dependencies = (
				053C27181FB4516600383081 /* PBXTargetDependency */,
			);
			name = TestTests;
			productName = TestTests;
			productReference = 053C27161FB4516600383081 /* TestTests.xctest */;
			productType = "com.apple.product-type.bundle.unit-test";
		};
		053C27201FB4516600383081 /* TestUITests */ = {
			isa = PBXNativeTarget;
			buildConfigurationList = 053C27301FB4516600383081 /* Build configuration list for PBXNativeTarget "TestUITests" */;
			buildPhases = (
				053C271D1FB4516600383081 /* Sources */,
				053C271E1FB4516600383081 /* Frameworks */,
				053C271F1FB4516600383081 /* Resources */,
			);
			buildRules = (
			);
			dependencies = (
				053C27231FB4516600383081 /* PBXTargetDependency */,
			);
			name = TestUITests;
			productName = TestUITests;
			productReference = 053C27211FB4516600383081 /* TestUITests.xctest */;
			productType = "com.apple.product-type.bundle.ui-testing";
		};
/* End PBXNativeTarget section */

/* Begin PBXProject section */
		053C26F61FB4516600383081 /* Project object */ = {
			isa = PBXProject;
			attributes = {
				LastUpgradeCheck = 0910;
				ORGANIZATIONNAME = yunfu;
				TargetAttributes = {
					053C26FD1FB4516600383081 = {
						CreatedOnToolsVersion = 9.1;
						ProvisioningStyle = Automatic;
					};
					053C27151FB4516600383081 = {
						CreatedOnToolsVersion = 9.1;
						ProvisioningStyle = Automatic;
						TestTargetID = 053C26FD1FB4516600383081;
					};
					053C27201FB4516600383081 = {
						CreatedOnToolsVersion = 9.1;
						ProvisioningStyle = Automatic;
						TestTargetID = 053C26FD1FB4516600383081;
					};
				};
			};
			buildConfigurationList = 053C26F91FB4516600383081 /* Build configuration list for PBXProject "Test" */;
			compatibilityVersion = "Xcode 8.0";
			developmentRegion = en;
			hasScannedForEncodings = 0;
			knownRegions = (
				en,
				Base,
			);
			mainGroup = 053C26F51FB4516600383081;
			productRefGroup = 053C26FF1FB4516600383081 /* Products */;
			projectDirPath = "";
			projectRoot = "";
			targets = (
				053C26FD1FB4516600383081 /* Test */,
				053C27151FB4516600383081 /* TestTests */,
				053C27201FB4516600383081 /* TestUITests */,
			);
		};
/* End PBXProject section */

/* Begin PBXResourcesBuildPhase section */
		053C26FC1FB4516600383081 /* Resources */ = {
			isa = PBXResourcesBuildPhase;
			buildActionMask = 2147483647;
			files = (
				053C270E1FB4516600383081 /* LaunchScreen.storyboard in Resources */,
				053C270B1FB4516600383081 /* Assets.xcassets in Resources */,
				053C27091FB4516600383081 /* Main.storyboard in Resources */,
			);
			runOnlyForDeploymentPostprocessing = 0;
		};
		053C27141FB4516600383081 /* Resources */ = {
			isa = PBXResourcesBuildPhase;
			buildActionMask = 2147483647;
			files = (
			);
			runOnlyForDeploymentPostprocessing = 0;
		};
		053C271F1FB4516600383081 /* Resources */ = {
			isa = PBXResourcesBuildPhase;
			buildActionMask = 2147483647;
			files = (
			);
			runOnlyForDeploymentPostprocessing = 0;
		};
/* End PBXResourcesBuildPhase section */

/* Begin PBXSourcesBuildPhase section */
		053C26FA1FB4516600383081 /* Sources */ = {
			isa = PBXSourcesBuildPhase;
			buildActionMask = 2147483647;
			files = (
				053C27351FB4519100383081 /* NavigationViewController.m in Sources */,
				053C27061FB4516600383081 /* ViewController.m in Sources */,
				053C27111FB4516600383081 /* main.m in Sources */,
				053C27031FB4516600383081 /* AppDelegate.m in Sources */,
			);
			runOnlyForDeploymentPostprocessing = 0;
		};
		053C27121FB4516600383081 /* Sources */ = {
			isa = PBXSourcesBuildPhase;
			buildActionMask = 2147483647;
			files = (
				053C271B1FB4516600383081 /* TestTests.m in Sources */,
			);
			runOnlyForDeploymentPostprocessing = 0;
		};
		053C271D1FB4516600383081 /* Sources */ = {
			isa = PBXSourcesBuildPhase;
			buildActionMask = 2147483647;
			files = (
				053C27261FB4516600383081 /* TestUITests.m in Sources */,
			);
			runOnlyForDeploymentPostprocessing = 0;
		};
/* End PBXSourcesBuildPhase section */

/* Begin PBXTargetDependency section */
		053C27181FB4516600383081 /* PBXTargetDependency */ = {
			isa = PBXTargetDependency;
			target = 053C26FD1FB4516600383081 /* Test */;
			targetProxy = 053C27171FB4516600383081 /* PBXContainerItemProxy */;
		};
		053C27231FB4516600383081 /* PBXTargetDependency */ = {
			isa = PBXTargetDependency;
			target = 053C26FD1FB4516600383081 /* Test */;
			targetProxy = 053C27221FB4516600383081 /* PBXContainerItemProxy */;
		};
/* End PBXTargetDependency section */

/* Begin PBXVariantGroup section */
		053C27071FB4516600383081 /* Main.storyboard */ = {
			isa = PBXVariantGroup;
			children = (
				053C27081FB4516600383081 /* Base */,
			);
			name = Main.storyboard;
			sourceTree = "<group>";
		};
		053C270C1FB4516600383081 /* LaunchScreen.storyboard */ = {
			isa = PBXVariantGroup;
			children = (
				053C270D1FB4516600383081 /* Base */,
			);
			name = LaunchScreen.storyboard;
			sourceTree = "<group>";
		};
/* End PBXVariantGroup section */

/* Begin XCBuildConfiguration section */
		053C27281FB4516600383081 /* Debug */ = {
			isa = XCBuildConfiguration;
			buildSettings = {
				ALWAYS_SEARCH_USER_PATHS = NO;
				CLANG_ANALYZER_NONNULL = YES;
				CLANG_ANALYZER_NUMBER_OBJECT_CONVERSION = YES_AGGRESSIVE;
				CLANG_CXX_LANGUAGE_STANDARD = "gnu++14";
				CLANG_CXX_LIBRARY = "libc++";
				CLANG_ENABLE_MODULES = YES;
				CLANG_ENABLE_OBJC_ARC = YES;
				CLANG_WARN_BLOCK_CAPTURE_AUTORELEASING = YES;
				CLANG_WARN_BOOL_CONVERSION = YES;
				CLANG_WARN_COMMA = YES;
				CLANG_WARN_CONSTANT_CONVERSION = YES;
				CLANG_WARN_DIRECT_OBJC_ISA_USAGE = YES_ERROR;
				CLANG_WARN_DOCUMENTATION_COMMENTS = YES;
				CLANG_WARN_EMPTY_BODY = YES;
				CLANG_WARN_ENUM_CONVERSION = YES;
				CLANG_WARN_INFINITE_RECURSION = YES;
				CLANG_WARN_INT_CONVERSION = YES;
				CLANG_WARN_NON_LITERAL_NULL_CONVERSION = YES;
				CLANG_WARN_OBJC_LITERAL_CONVERSION = YES;
				CLANG_WARN_OBJC_ROOT_CLASS = YES_ERROR;
				CLANG_WARN_RANGE_LOOP_ANALYSIS = YES;
				CLANG_WARN_STRICT_PROTOTYPES = YES;
				CLANG_WARN_SUSPICIOUS_MOVE = YES;
				CLANG_WARN_UNGUARDED_AVAILABILITY = YES_AGGRESSIVE;
				CLANG_WARN_UNREACHABLE_CODE = YES;
				CLANG_WARN__DUPLICATE_METHOD_MATCH = YES;
				CODE_SIGN_IDENTITY = "iPhone Developer";
				COPY_PHASE_STRIP = NO;
				DEBUG_INFORMATION_FORMAT = dwarf;
				ENABLE_STRICT_OBJC_MSGSEND = YES;
				ENABLE_TESTABILITY = YES;
				GCC_C_LANGUAGE_STANDARD = gnu11;
				GCC_DYNAMIC_NO_PIC = NO;
				GCC_NO_COMMON_BLOCKS = YES;
				GCC_OPTIMIZATION_LEVEL = 0;
				GCC_PREPROCESSOR_DEFINITIONS = (
					"DEBUG=1",
					"$(inherited)",
				);
				GCC_WARN_64_TO_32_BIT_CONVERSION = YES;
				GCC_WARN_ABOUT_RETURN_TYPE = YES_ERROR;
				GCC_WARN_UNDECLARED_SELECTOR = YES;
				GCC_WARN_UNINITIALIZED_AUTOS = YES_AGGRESSIVE;
				GCC_WARN_UNUSED_FUNCTION = YES;
				GCC_WARN_UNUSED_VARIABLE = YES;
				IPHONEOS_DEPLOYMENT_TARGET = 11.1;
				MTL_ENABLE_DEBUG_INFO = YES;
				ONLY_ACTIVE_ARCH = YES;
				SDKROOT = iphoneos;
			};
			name = Debug;
		};
		053C27291FB4516600383081 /* Release */ = {
			isa = XCBuildConfiguration;
			buildSettings = {
				ALWAYS_SEARCH_USER_PATHS = NO;
				CLANG_ANALYZER_NONNULL = YES;
				CLANG_ANALYZER_NUMBER_OBJECT_CONVERSION = YES_AGGRESSIVE;
				CLANG_CXX_LANGUAGE_STANDARD = "gnu++14";
				CLANG_CXX_LIBRARY = "libc++";
				CLANG_ENABLE_MODULES = YES;
				CLANG_ENABLE_OBJC_ARC = YES;
				CLANG_WARN_BLOCK_CAPTURE_AUTORELEASING = YES;
				CLANG_WARN_BOOL_CONVERSION = YES;
				CLANG_WARN_COMMA = YES;
				CLANG_WARN_CONSTANT_CONVERSION = YES;
				CLANG_WARN_DIRECT_OBJC_ISA_USAGE = YES_ERROR;
				CLANG_WARN_DOCUMENTATION_COMMENTS = YES;
				CLANG_WARN_EMPTY_BODY = YES;
				CLANG_WARN_ENUM_CONVERSION = YES;
				CLANG_WARN_INFINITE_RECURSION = YES;
				CLANG_WARN_INT_CONVERSION = YES;
				CLANG_WARN_NON_LITERAL_NULL_CONVERSION = YES;
				CLANG_WARN_OBJC_LITERAL_CONVERSION = YES;
				CLANG_WARN_OBJC_ROOT_CLASS = YES_ERROR;
				CLANG_WARN_RANGE_LOOP_ANALYSIS = YES;
				CLANG_WARN_STRICT_PROTOTYPES = YES;
				CLANG_WARN_SUSPICIOUS_MOVE = YES;
				CLANG_WARN_UNGUARDED_AVAILABILITY = YES_AGGRESSIVE;
				CLANG_WARN_UNREACHABLE_CODE = YES;
				CLANG_WARN__DUPLICATE_METHOD_MATCH = YES;
				CODE_SIGN_IDENTITY = "iPhone Developer";
				COPY_PHASE_STRIP = NO;
				DEBUG_INFORMATION_FORMAT = "dwarf-with-dsym";
				ENABLE_NS_ASSERTIONS = NO;
				ENABLE_STRICT_OBJC_MSGSEND = YES;
				GCC_C_LANGUAGE_STANDARD = gnu11;
				GCC_NO_COMMON_BLOCKS = YES;
				GCC_WARN_64_TO_32_BIT_CONVERSION = YES;
				GCC_WARN_ABOUT_RETURN_TYPE = YES_ERROR;
				GCC_WARN_UNDECLARED_SELECTOR = YES;
				GCC_WARN_UNINITIALIZED_AUTOS = YES_AGGRESSIVE;
				GCC_WARN_UNUSED_FUNCTION = YES;
				GCC_WARN_UNUSED_VARIABLE = YES;
				IPHONEOS_DEPLOYMENT_TARGET = 11.1;
				MTL_ENABLE_DEBUG_INFO = NO;
				SDKROOT = iphoneos;
				VALIDATE_PRODUCT = YES;
			};
			name = Release;
		};
		053C272B1FB4516600383081 /* Debug */ = {
			isa = XCBuildConfiguration;
			buildSettings = {
				ASSETCATALOG_COMPILER_APPICON_NAME = AppIcon;
				CODE_SIGN_STYLE = Automatic;
				INFOPLIST_FILE = Test/Info.plist;
				LD_RUNPATH_SEARCH_PATHS = "$(inherited) @executable_path/Frameworks";
				PRODUCT_BUNDLE_IDENTIFIER = com.yunfucloud.Test;
				PRODUCT_NAME = "$(TARGET_NAME)";
				TARGETED_DEVICE_FAMILY = "1,2";
			};
			name = Debug;
		};
		053C272C1FB4516600383081 /* Release */ = {
			isa = XCBuildConfiguration;
			buildSettings = {
				ASSETCATALOG_COMPILER_APPICON_NAME = AppIcon;
				CODE_SIGN_STYLE = Automatic;
				INFOPLIST_FILE = Test/Info.plist;
				LD_RUNPATH_SEARCH_PATHS = "$(inherited) @executable_path/Frameworks";
				PRODUCT_BUNDLE_IDENTIFIER = com.yunfucloud.Test;
				PRODUCT_NAME = "$(TARGET_NAME)";
				TARGETED_DEVICE_FAMILY = "1,2";
			};
			name = Release;
		};
		053C272E1FB4516600383081 /* Debug */ = {
			isa = XCBuildConfiguration;
			buildSettings = {
				BUNDLE_LOADER = "$(TEST_HOST)";
				CODE_SIGN_STYLE = Automatic;
				INFOPLIST_FILE = TestTests/Info.plist;
				LD_RUNPATH_SEARCH_PATHS = "$(inherited) @executable_path/Frameworks @loader_path/Frameworks";
				PRODUCT_BUNDLE_IDENTIFIER = com.yunfucloud.TestTests;
				PRODUCT_NAME = "$(TARGET_NAME)";
				TARGETED_DEVICE_FAMILY = "1,2";
				TEST_HOST = "$(BUILT_PRODUCTS_DIR)/Test.app/Test";
			};
			name = Debug;
		};
		053C272F1FB4516600383081 /* Release */ = {
			isa = XCBuildConfiguration;
			buildSettings = {
				BUNDLE_LOADER = "$(TEST_HOST)";
				CODE_SIGN_STYLE = Automatic;
				INFOPLIST_FILE = TestTests/Info.plist;
				LD_RUNPATH_SEARCH_PATHS = "$(inherited) @executable_path/Frameworks @loader_path/Frameworks";
				PRODUCT_BUNDLE_IDENTIFIER = com.yunfucloud.TestTests;
				PRODUCT_NAME = "$(TARGET_NAME)";
				TARGETED_DEVICE_FAMILY = "1,2";
				TEST_HOST = "$(BUILT_PRODUCTS_DIR)/Test.app/Test";
			};
			name = Release;
		};
		053C27311FB4516600383081 /* Debug */ = {
			isa = XCBuildConfiguration;
			buildSettings = {
				CODE_SIGN_STYLE = Automatic;
				INFOPLIST_FILE = TestUITests/Info.plist;
				LD_RUNPATH_SEARCH_PATHS = "$(inherited) @executable_path/Frameworks @loader_path/Frameworks";
				PRODUCT_BUNDLE_IDENTIFIER = com.yunfucloud.TestUITests;
				PRODUCT_NAME = "$(TARGET_NAME)";
				TARGETED_DEVICE_FAMILY = "1,2";
				TEST_TARGET_NAME = Test;
			};
			name = Debug;
		};
		053C27321FB4516600383081 /* Release */ = {
			isa = XCBuildConfiguration;
			buildSettings = {
				CODE_SIGN_STYLE = Automatic;
				INFOPLIST_FILE = TestUITests/Info.plist;
				LD_RUNPATH_SEARCH_PATHS = "$(inherited) @executable_path/Frameworks @loader_path/Frameworks";
				PRODUCT_BUNDLE_IDENTIFIER = com.yunfucloud.TestUITests;
				PRODUCT_NAME = "$(TARGET_NAME)";
				TARGETED_DEVICE_FAMILY = "1,2";
				TEST_TARGET_NAME = Test;
			};
			name = Release;
		};
/* End XCBuildConfiguration section */

/* Begin XCConfigurationList section */
		053C26F91FB4516600383081 /* Build configuration list for PBXProject "Test" */ = {
			isa = XCConfigurationList;
			buildConfigurations = (
				053C27281FB4516600383081 /* Debug */,
				053C27291FB4516600383081 /* Release */,
			);
			defaultConfigurationIsVisible = 0;
			defaultConfigurationName = Release;
		};
		053C272A1FB4516600383081 /* Build configuration list for PBXNativeTarget "Test" */ = {
			isa = XCConfigurationList;
			buildConfigurations = (
				053C272B1FB4516600383081 /* Debug */,
				053C272C1FB4516600383081 /* Release */,
			);
			defaultConfigurationIsVisible = 0;
			defaultConfigurationName = Release;
		};
		053C272D1FB4516600383081 /* Build configuration list for PBXNativeTarget "TestTests" */ = {
			isa = XCConfigurationList;
			buildConfigurations = (
				053C272E1FB4516600383081 /* Debug */,
				053C272F1FB4516600383081 /* Release */,
			);
			defaultConfigurationIsVisible = 0;
			defaultConfigurationName = Release;
		};
		053C27301FB4516600383081 /* Build configuration list for PBXNativeTarget "TestUITests" */ = {
			isa = XCConfigurationList;
			buildConfigurations = (
				053C27311FB4516600383081 /* Debug */,
				053C27321FB4516600383081 /* Release */,
			);
			defaultConfigurationIsVisible = 0;
			defaultConfigurationName = Release;
		};
/* End XCConfigurationList section */
	};
	rootObject = 053C26F61FB4516600383081 /* Project object */;
}
